{
  "name": "@monitoring/core",
  "version": "0.0.1",
  "lockfileVersion": 1,
  "requires": true,
  "dependencies": {
    "@types/css-font-loading-module": {
      "version": "0.0.4",
      "resolved": "https://registry.npmjs.org/@types/css-font-loading-module/-/css-font-loading-module-0.0.4.tgz",
      "integrity": "sha512-ENdXf7MW4m9HeDojB2Ukbi7lYMIuQNBHVf98dbzaiG4EEJREBd6oleVAjrLRCrp7dm6CK1mmdmU9tcgF61acbw=="
    },
    "@xstate/fsm": {
      "version": "1.6.1",
      "resolved": "https://registry.npmjs.org/@xstate/fsm/-/fsm-1.6.1.tgz",
      "integrity": "sha512-xYKDNuPR36/fUK+jmhM+oauBmbdUAfuJKnDjg3/7NbN+Pj03TX7e94LXnzkwGgAR+U/HWoMqM5UPTuGIYfIx9g=="
    },
    "fflate": {
      "version": "0.4.8",
      "resolved": "https://registry.npmjs.org/fflate/-/fflate-0.4.8.tgz",
      "integrity": "sha512-FJqqoDBR00Mdj9ppamLa/Y7vxm+PRmNWA67N846RvsoYVMKB4q3y/de5PA7gUmRMYK/8CMz2GDZQmCRN1wBcWA=="
    },
    "mitt": {
      "version": "1.2.0",
      "resolved": "https://registry.npmjs.org/mitt/-/mitt-1.2.0.tgz",
      "integrity": "sha512-r6lj77KlwqLhIUku9UWYes7KJtsczvolZkzp8hbaDPPaE24OmWl5s539Mytlj22siEQKosZ26qCBgda2PKwoJw=="
    },
    "rrweb": {
      "version": "0.9.14",
      "resolved": "https://registry.npmjs.org/rrweb/-/rrweb-0.9.14.tgz",
      "integrity": "sha512-nm2rrVNoyWFPrbGQmcvTTlA7XjbbgPIgO7qsW0Zyr5iOURIFJDGPHFmOVLRyLpWiriVtEoXh6a+x+D1sj+qwWg==",
      "requires": {
        "@types/css-font-loading-module": "0.0.4",
        "@xstate/fsm": "^1.4.0",
        "fflate": "^0.4.4",
        "mitt": "^1.1.3",
        "rrweb-snapshot": "^1.0.3"
      }
    },
    "rrweb-snapshot": {
      "version": "1.1.4",
      "resolved": "https://registry.npmjs.org/rrweb-snapshot/-/rrweb-snapshot-1.1.4.tgz",
      "integrity": "sha512-0iVRbsWSVOVEjgE8MA0+zYwlLMSwkVsUA7KhmvVaBK+viYcbx79SKRB8PkeFz1/1Jnn9fnkzPHlh42F+xFuwbQ=="
    }
  }
}
